
Microsoft Visual Studio Solution File, Format Version 12.00
# Visual Studio 15
VisualStudioVersion = 15.0.27703.2042
MinimumVisualStudioVersion = 10.0.40219.1
Project("{8BC9CEB8-8B4A-11D0-8D11-00A0C91BC942}") = "MouseKeyboardDll", "MouseKeyboardDll.vcxproj", "{DC681593-A624-4DF3-97DC-895AF81B0E5F}"
EndProject
Project("{8BC9CEB8-8B4A-11D0-8D11-00A0C91BC942}") = "enjoy3", "enjoy3\enjoy3.vcxproj", "{57E652A6-7D80-487D-BDF8-0B5429BD79EB}"
EndProject
Global
	GlobalSection(SolutionConfigurationPlatforms) = preSolution
		Debug|x64 = Debug|x64
		Debug|x86 = Debug|x86
		Release|x64 = Release|x64
		Release|x86 = Release|x86
	EndGlobalSection
	GlobalSection(ProjectConfigurationPlatforms) = postSolution
		{DC681593-A624-4DF3-97DC-895AF81B0E5F}.Debug|x64.ActiveCfg = Debug|x64
		{DC681593-A624-4DF3-97DC-895AF81B0E5F}.Debug|x64.Build.0 = Debug|x64
		{DC681593-A624-4DF3-97DC-895AF81B0E5F}.Debug|x86.ActiveCfg = Debug|Win32
		{DC681593-A624-4DF3-97DC-895AF81B0E5F}.Debug|x86.Build.0 = Debug|Win32
		{DC681593-A624-4DF3-97DC-895AF81B0E5F}.Release|x64.ActiveCfg = Release|x64
		{DC681593-A624-4DF3-97DC-895AF81B0E5F}.Release|x64.Build.0 = Release|x64
		{DC681593-A624-4DF3-97DC-895AF81B0E5F}.Release|x86.ActiveCfg = Release|Win32
		{DC681593-A624-4DF3-97DC-895AF81B0E5F}.Release|x86.Build.0 = Release|Win32
		{57E652A6-7D80-487D-BDF8-0B5429BD79EB}.Debug|x64.ActiveCfg = Debug|x64
		{57E652A6-7D80-487D-BDF8-0B5429BD79EB}.Debug|x64.Build.0 = Debug|x64
		{57E652A6-7D80-487D-BDF8-0B5429BD79EB}.Debug|x86.ActiveCfg = Debug|Win32
		{57E652A6-7D80-487D-BDF8-0B5429BD79EB}.Debug|x86.Build.0 = Debug|Win32
		{57E652A6-7D80-487D-BDF8-0B5429BD79EB}.Release|x64.ActiveCfg = Release|x64
		{57E652A6-7D80-487D-BDF8-0B5429BD79EB}.Release|x64.Build.0 = Release|x64
		{57E652A6-7D80-487D-BDF8-0B5429BD79EB}.Release|x86.ActiveCfg = Release|Win32
		{57E652A6-7D80-487D-BDF8-0B5429BD79EB}.Release|x86.Build.0 = Release|Win32
	EndGlobalSection
	GlobalSection(SolutionProperties) = preSolution
		HideSolutionNode = FALSE
	EndGlobalSection
	GlobalSection(ExtensibilityGlobals) = postSolution
		SolutionGuid = {0BE4AE40-A634-413C-A091-0A82F508F45B}
	EndGlobalSection
EndGlobal
